{
    "_readme": [
        "Generated by innobrain/soak-time. Records package integrity evidence",
        "for every version installed into this project. Commit alongside composer.lock.",
        "A mismatch against recorded hashes, source references, or canonical URLs",
        "hard-fails the run \u2014 the signal of an altered historical release."
    ],
    "_version": 2,
    "packages": {
        "brianium/paratest": {
            "v7.4.9": {
                "sha256": "7dc928119b83857ca0d236d5f5f95b5cbfccdb27c9be1996f54e722e4600a682",
                "sourceReference": "633c0987ecf6d9b057431225da37b088aa9274a5",
                "sourceUrl": "https://github.com/paratestphp/paratest.git",
                "distUrl": "https://api.github.com/repos/paratestphp/paratest/zipball/633c0987ecf6d9b057431225da37b088aa9274a5",
                "firstSeenAt": "2026-09-03T14:08:55+00:00"
            }
        },
        "brick/math": {
            "0.14.8": {
                "sha256": "0f0af256176cc3e3845b9407945cf91316e13e945dc4e070faa50989f6527000",
                "sourceReference": "63422359a44b7f06cae63c3b429b59e8efcc0629",
                "sourceUrl": "https://github.com/brick/math.git",
                "distUrl": "https://api.github.com/repos/brick/math/zipball/63422359a44b7f06cae63c3b429b59e8efcc0629",
                "firstSeenAt": "2026-09-03T14:08:51+00:00"
            }
        },
        "graham-campbell/result-type": {
            "v1.2.0": {
                "sha256": "e9535148589eae0ff67965163a21f35a0cb672cb75dc0f5a423b914a4417f9ba",
                "sourceReference": "adccca3324eece92ca35463648c12b9e6293c05b",
                "sourceUrl": "https://github.com/GrahamCampbell/Result-Type.git",
                "distUrl": "https://api.github.com/repos/GrahamCampbell/Result-Type/zipball/adccca3324eece92ca35463648c12b9e6293c05b",
                "firstSeenAt": "2026-09-03T14:08:51+00:00"
            }
        },
        "guzzlehttp/guzzle": {
            "7.15.5": {
                "sha256": "49280de46505771825392e12de0cc3e33819094fe5e23e413b882b9f2ae8572e",
                "sourceReference": "ee80339fd9177ba44c49cdb653ff02a4d1106b9a",
                "sourceUrl": "https://github.com/guzzle/guzzle.git",
                "distUrl": "https://api.github.com/repos/guzzle/guzzle/zipball/ee80339fd9177ba44c49cdb653ff02a4d1106b9a",
                "firstSeenAt": "2026-09-03T14:08:51+00:00"
            }
        },
        "guzzlehttp/promises": {
            "2.5.3": {
                "sha256": "d2f5ca4a1fab3238facd329b690b76323261d84528487a8ea370d10d828a5d33",
                "sourceReference": "cde49999552d185d64715fe9c1f77a2aadd2f9f1",
                "sourceUrl": "https://github.com/guzzle/promises.git",
                "distUrl": "https://api.github.com/repos/guzzle/promises/zipball/cde49999552d185d64715fe9c1f77a2aadd2f9f1",
                "firstSeenAt": "2026-09-03T14:08:51+00:00"
            }
        },
        "guzzlehttp/psr7": {
            "2.13.1": {
                "sha256": "3d3cf10932da10289604a3ce3e651af1af0282c22b821f3535b7acb0bee0dc20",
                "sourceReference": "95e7828100de18b4e269fb1703be530082d5166d",
                "sourceUrl": "https://github.com/guzzle/psr7.git",
                "distUrl": "https://api.github.com/repos/guzzle/psr7/zipball/95e7828100de18b4e269fb1703be530082d5166d",
                "firstSeenAt": "2026-09-03T14:08:51+00:00"
            }
        },
        "guzzlehttp/uri-template": {
            "v1.0.11": {
                "sha256": "87a7e84c3b199d56fb52470f8b1866bec4e0f93edb89b6b4921aea2ee2bc6696",
                "sourceReference": "d0058dccf4299d70c3d9da3378b8908b32780368",
                "sourceUrl": "https://github.com/guzzle/uri-template.git",
                "distUrl": "https://api.github.com/repos/guzzle/uri-template/zipball/d0058dccf4299d70c3d9da3378b8908b32780368",
                "firstSeenAt": "2026-09-03T14:08:51+00:00"
            }
        },
        "hamcrest/hamcrest-php": {
            "v3.0.0": {
                "sha256": "c17a1a19b79468364d3a78ff2e62e6107c9c74470e3a3dcf36213a7e90f8a993",
                "sourceReference": "b61cd040da1a4925bc90a51c074f5297e7c0fa52",
                "sourceUrl": "https://github.com/hamcrest/hamcrest-php.git",
                "distUrl": "https://api.github.com/repos/hamcrest/hamcrest-php/zipball/b61cd040da1a4925bc90a51c074f5297e7c0fa52",
                "firstSeenAt": "2026-09-03T14:08:51+00:00"
            }
        },
        "iamcal/sql-parser": {
            "v0.5": {
                "sha256": "d8eb0b1bbf2890af202b767c9450bc3e1578ee4d19b53f1012c5325ee444cbee",
                "sourceReference": "644fd994de3b54e5d833aecf406150aa3b66ca88",
                "sourceUrl": "https://github.com/iamcal/SQLParser.git",
                "distUrl": "https://api.github.com/repos/iamcal/SQLParser/zipball/644fd994de3b54e5d833aecf406150aa3b66ca88",
                "firstSeenAt": "2026-09-03T14:08:55+00:00"
            }
        },
        "larastan/larastan": {
            "v2.11.2": {
                "sha256": "a5cb2d5f284f478b0d48fbc23f01190c1992ebc503f242bcab1b6ee0e4ec6721",
                "sourceReference": "1aae902a5851c03dc1a58cbd9010a0c3ef8def63",
                "sourceUrl": "https://github.com/larastan/larastan.git",
                "distUrl": "https://api.github.com/repos/larastan/larastan/zipball/1aae902a5851c03dc1a58cbd9010a0c3ef8def63",
                "firstSeenAt": "2026-09-03T14:08:55+00:00"
            }
        },
        "laravel/framework": {
            "v11.56.1": {
                "sha256": "be379c793fb076a9ccad176efcc969cda8cabe1a1e499cead07f58f78c488c03",
                "sourceReference": "d5a6525f18dc8374167c9faa890715bed7e29283",
                "sourceUrl": "https://github.com/laravel/framework.git",
                "distUrl": "https://api.github.com/repos/laravel/framework/zipball/d5a6525f18dc8374167c9faa890715bed7e29283",
                "firstSeenAt": "2026-09-03T14:08:55+00:00"
            }
        },
        "laravel/pint": {
            "v1.30.5": {
                "sha256": "b7adce2417836f4bc4d79b604619b5573a76bda63353bcd09dbe47b00ac51d15",
                "sourceReference": "fe4148c503a0e266353d61396b79bbf7f35122df",
                "sourceUrl": "https://github.com/laravel/pint.git",
                "distUrl": "https://api.github.com/repos/laravel/pint/zipball/fe4148c503a0e266353d61396b79bbf7f35122df",
                "firstSeenAt": "2026-09-03T14:08:52+00:00"
            }
        },
        "laravel/prompts": {
            "v0.3.24": {
                "sha256": "2e2cbcef78514ecca3084025838ba46dd77240d68a0bbc71258cd43a796b13c4",
                "sourceReference": "5d3cdef29e93ca3b62b1871359db3078cd99908b",
                "sourceUrl": "https://github.com/laravel/prompts.git",
                "distUrl": "https://api.github.com/repos/laravel/prompts/zipball/5d3cdef29e93ca3b62b1871359db3078cd99908b",
                "firstSeenAt": "2026-09-03T14:08:55+00:00"
            }
        },
        "laravel/serializable-closure": {
            "v2.0.16": {
                "sha256": "5374fc7e8577209d98f3230307a8c4f8e5d795f86506cdb23c070cdc3d982f51",
                "sourceReference": "7cfc24e4fa2cca045fb8dd2a797a2b2b13b655ed",
                "sourceUrl": "https://github.com/laravel/serializable-closure.git",
                "distUrl": "https://api.github.com/repos/laravel/serializable-closure/zipball/7cfc24e4fa2cca045fb8dd2a797a2b2b13b655ed",
                "firstSeenAt": "2026-09-03T14:08:55+00:00"
            }
        },
        "laravel/tinker": {
            "v2.11.1": {
                "sha256": "d084e680fffc97b0d0a2d60d0ed1a0f3dedc783854c908d0ae00dcd621533dfd",
                "sourceReference": "c9f80cc835649b5c1842898fb043f8cc098dd741",
                "sourceUrl": "https://github.com/laravel/tinker.git",
                "distUrl": "https://api.github.com/repos/laravel/tinker/zipball/c9f80cc835649b5c1842898fb043f8cc098dd741",
                "firstSeenAt": "2026-09-03T14:08:52+00:00"
            }
        },
        "league/commonmark": {
            "2.10.0": {
                "sha256": "1bc47513c28c613790aa29bde172cd9c28f702ff4ef4aba225f5bd1e6472d9d0",
                "sourceReference": "d2d1aa8b35e072966c89bc0c66cf926e56767dc4",
                "sourceUrl": "https://github.com/thephpleague/commonmark.git",
                "distUrl": "https://api.github.com/repos/thephpleague/commonmark/zipball/d2d1aa8b35e072966c89bc0c66cf926e56767dc4",
                "firstSeenAt": "2026-09-03T14:08:51+00:00"
            }
        },
        "league/flysystem": {
            "3.35.3": {
                "sha256": "547a5f9022ecfe717202dd722ade39e68c23007a1d67a69cbb3ec3910167f61c",
                "sourceReference": "5fc8404762179ae514678487b23494fd69b2309c",
                "sourceUrl": "https://github.com/thephpleague/flysystem.git",
                "distUrl": "https://api.github.com/repos/thephpleague/flysystem/zipball/5fc8404762179ae514678487b23494fd69b2309c",
                "firstSeenAt": "2026-09-03T14:08:51+00:00"
            }
        },
        "league/flysystem-local": {
            "3.35.3": {
                "sha256": "07fbe87a87563bcf4e3403fbf301855b3a46b8d23b03d420bc92b1341e26e971",
                "sourceReference": "a099b24dce160f3b2239043d13d47c4a1a214ea4",
                "sourceUrl": "https://github.com/thephpleague/flysystem-local.git",
                "distUrl": "https://api.github.com/repos/thephpleague/flysystem-local/zipball/a099b24dce160f3b2239043d13d47c4a1a214ea4",
                "firstSeenAt": "2026-09-03T14:08:51+00:00"
            }
        },
        "league/mime-type-detection": {
            "1.17.0": {
                "sha256": "660321223c2dc58b27e4d038f5bc54da98ca862d096c725735696ba1ea4f8905",
                "sourceReference": "f5f47eff7c48ed1003069a2ca67f316fb4021c76",
                "sourceUrl": "https://github.com/thephpleague/mime-type-detection.git",
                "distUrl": "https://api.github.com/repos/thephpleague/mime-type-detection/zipball/f5f47eff7c48ed1003069a2ca67f316fb4021c76",
                "firstSeenAt": "2026-09-03T14:08:51+00:00"
            }
        },
        "mockery/mockery": {
            "1.6.15": {
                "sha256": "ff83086cb5af969611de33bc2a457388dac7a5e28058d38b93c6d782e22f0b98",
                "sourceReference": "967a801bd188989a5669bd280f252d51c0fdc9ee",
                "sourceUrl": "https://github.com/mockery/mockery.git",
                "distUrl": "https://api.github.com/repos/mockery/mockery/zipball/967a801bd188989a5669bd280f252d51c0fdc9ee",
                "firstSeenAt": "2026-09-03T14:08:52+00:00"
            }
        },
        "myclabs/deep-copy": {
            "1.14.0": {
                "sha256": "56bd5cff0d8ac15818301fcc26712dfeffef322d2120bb4f4d67dca8089e6380",
                "sourceReference": "8680aa248f8e07bc8fb43f56f0f5fc77a0c96aae",
                "sourceUrl": "https://github.com/myclabs/DeepCopy.git",
                "distUrl": "https://api.github.com/repos/myclabs/DeepCopy/zipball/8680aa248f8e07bc8fb43f56f0f5fc77a0c96aae",
                "firstSeenAt": "2026-09-03T14:08:51+00:00"
            }
        },
        "nesbot/carbon": {
            "3.13.2": {
                "sha256": "7cdfc384f06c09f52bc1d9822cc6cb8973f3439cb142923c66fc188b18620504",
                "sourceReference": "a1c54919f5fff9800cd03c32bd01defd5a4061cb",
                "sourceUrl": "https://github.com/CarbonPHP/carbon.git",
                "distUrl": "https://api.github.com/repos/CarbonPHP/carbon/zipball/a1c54919f5fff9800cd03c32bd01defd5a4061cb",
                "firstSeenAt": "2026-09-03T14:08:51+00:00"
            }
        },
        "nette/schema": {
            "v1.3.6": {
                "sha256": "f60c335a520096793ca03d2ea2fb2baa3bd722d0b55d50f218987ee6f5d42732",
                "sourceReference": "c54350438cd6914616f790a49cb424605f421562",
                "sourceUrl": "https://github.com/nette/schema.git",
                "distUrl": "https://api.github.com/repos/nette/schema/zipball/c54350438cd6914616f790a49cb424605f421562",
                "firstSeenAt": "2026-09-03T14:08:51+00:00"
            }
        },
        "nette/utils": {
            "v4.1.5": {
                "sha256": "cd6ada1b928633b667634ed2b84c2ebec1d0da1ae77e6eb5ec63805e3dce3a7d",
                "sourceReference": "b043439dbdf954e6c28b5ea7e34b0100f83165e0",
                "sourceUrl": "https://github.com/nette/utils.git",
                "distUrl": "https://api.github.com/repos/nette/utils/zipball/b043439dbdf954e6c28b5ea7e34b0100f83165e0",
                "firstSeenAt": "2026-09-03T14:08:51+00:00"
            }
        },
        "nikic/php-parser": {
            "v5.8.0": {
                "sha256": "29959bfd0fc7fd750d7c33c6663af8b656efc4d171a1514b0a42d2dd1116b9af",
                "sourceReference": "044a6a392ff8ad0d61f14370a5fbbd0a0107152f",
                "sourceUrl": "https://github.com/nikic/PHP-Parser.git",
                "distUrl": "https://api.github.com/repos/nikic/PHP-Parser/zipball/044a6a392ff8ad0d61f14370a5fbbd0a0107152f",
                "firstSeenAt": "2026-09-03T14:08:51+00:00"
            }
        },
        "nunomaduro/collision": {
            "v8.5.0": {
                "sha256": "6ccadeb3315b78959aa363126820d79f813762d2814bb979171603fd756cf948",
                "sourceReference": "f5c101b929c958e849a633283adff296ed5f38f5",
                "sourceUrl": "https://github.com/nunomaduro/collision.git",
                "distUrl": "https://api.github.com/repos/nunomaduro/collision/zipball/f5c101b929c958e849a633283adff296ed5f38f5",
                "firstSeenAt": "2026-09-03T14:08:55+00:00"
            }
        },
        "orchestra/canvas": {
            "v9.2.2": {
                "sha256": "0fd523ef14514292fbd4b06873990cfa6a2a97cf94fb06ad79bf6b5164644a5f",
                "sourceReference": "002d948834c0899e511f5ac0381669363d7881e5",
                "sourceUrl": "https://github.com/orchestral/canvas.git",
                "distUrl": "https://api.github.com/repos/orchestral/canvas/zipball/002d948834c0899e511f5ac0381669363d7881e5",
                "firstSeenAt": "2026-09-03T14:08:55+00:00"
            }
        },
        "orchestra/canvas-core": {
            "v9.2.0": {
                "sha256": "ee7fa72a1d3877d1a4820ad9633cdda073e347922f549c9dde795cf94d55d9cd",
                "sourceReference": "cd7cf4da17a814cc780b7e85d48ca53cbf8afbb6",
                "sourceUrl": "https://github.com/orchestral/canvas-core.git",
                "distUrl": "https://api.github.com/repos/orchestral/canvas-core/zipball/cd7cf4da17a814cc780b7e85d48ca53cbf8afbb6",
                "firstSeenAt": "2026-09-03T14:08:55+00:00"
            }
        },
        "orchestra/sidekick": {
            "v1.2.21": {
                "sha256": "9fb84f3b835436cc39b8f8776c90468450bedfd3abd04df4f1a32d73077c5e9a",
                "sourceReference": "fcf69fe227b52beca2e0fe9777d4af4d44ab46a5",
                "sourceUrl": "https://github.com/orchestral/sidekick.git",
                "distUrl": "https://api.github.com/repos/orchestral/sidekick/zipball/fcf69fe227b52beca2e0fe9777d4af4d44ab46a5",
                "firstSeenAt": "2026-09-03T14:08:52+00:00"
            }
        },
        "orchestra/testbench": {
            "v9.17.0": {
                "sha256": "77aaab7ccf25e91b9a168daee895a2f71b6ef7612ac3e76b274b48634d3f20da",
                "sourceReference": "3288cbc77378c8b79132e482557cc18ac2fcfebe",
                "sourceUrl": "https://github.com/orchestral/testbench.git",
                "distUrl": "https://api.github.com/repos/orchestral/testbench/zipball/3288cbc77378c8b79132e482557cc18ac2fcfebe",
                "firstSeenAt": "2026-09-03T14:08:56+00:00"
            }
        },
        "orchestra/testbench-core": {
            "v9.22.1": {
                "sha256": "427939a8c84978848291eb871112f830ec538b727003e106ed826520a85ccb92",
                "sourceReference": "751b2b086ff6dbc55102781ae299e9f73a67ee42",
                "sourceUrl": "https://github.com/orchestral/testbench-core.git",
                "distUrl": "https://api.github.com/repos/orchestral/testbench-core/zipball/751b2b086ff6dbc55102781ae299e9f73a67ee42",
                "firstSeenAt": "2026-09-03T14:08:55+00:00"
            }
        },
        "orchestra/workbench": {
            "v9.15.0": {
                "sha256": "d4c60a40eb0ab34dfa618413ac3743487fe20779a10f39e5dcf2107dd3c5d00f",
                "sourceReference": "08d11d9e2e8dbc9cc0477948a13aef2b528bccfb",
                "sourceUrl": "https://github.com/orchestral/workbench.git",
                "distUrl": "https://api.github.com/repos/orchestral/workbench/zipball/08d11d9e2e8dbc9cc0477948a13aef2b528bccfb",
                "firstSeenAt": "2026-09-03T14:08:55+00:00"
            }
        },
        "pestphp/pest": {
            "v2.36.1": {
                "sha256": "4eb564f1ee9d96b3bfcc33fb14213d6bfe7da4be74f969e4b0b67c77a3e1632f",
                "sourceReference": "d66361b272ae4ee4bc33accb5ea3ff385b92e9e1",
                "sourceUrl": "https://github.com/pestphp/pest.git",
                "distUrl": "https://api.github.com/repos/pestphp/pest/zipball/d66361b272ae4ee4bc33accb5ea3ff385b92e9e1",
                "firstSeenAt": "2026-09-03T14:08:56+00:00"
            }
        },
        "pestphp/pest-plugin": {
            "v2.1.1": {
                "sha256": "dc7ae55203b9e4fd7ffb8e0c8df10ff029791726c9bbd78a2acc8038f603530d",
                "sourceReference": "e05d2859e08c2567ee38ce8b005d044e72648c0b",
                "sourceUrl": "https://github.com/pestphp/pest-plugin.git",
                "distUrl": "https://api.github.com/repos/pestphp/pest-plugin/zipball/e05d2859e08c2567ee38ce8b005d044e72648c0b",
                "firstSeenAt": "2026-09-03T14:08:54+00:00"
            }
        },
        "pestphp/pest-plugin-arch": {
            "v2.7.0": {
                "sha256": "1b33e6165fd11b020c9327f4c082ec79bffa2551cdc63857bdf4fb83b65e2192",
                "sourceReference": "d23b2d7498475354522c3818c42ef355dca3fcda",
                "sourceUrl": "https://github.com/pestphp/pest-plugin-arch.git",
                "distUrl": "https://api.github.com/repos/pestphp/pest-plugin-arch/zipball/d23b2d7498475354522c3818c42ef355dca3fcda",
                "firstSeenAt": "2026-09-03T14:08:56+00:00"
            }
        },
        "pestphp/pest-plugin-laravel": {
            "v2.4.0": {
                "sha256": "5d13d03d83eded8d967c3d418d1079b1e5bea25372693d1d26254d7a5aea63a3",
                "sourceReference": "53df51169a7f9595e06839cce638c73e59ace5e8",
                "sourceUrl": "https://github.com/pestphp/pest-plugin-laravel.git",
                "distUrl": "https://api.github.com/repos/pestphp/pest-plugin-laravel/zipball/53df51169a7f9595e06839cce638c73e59ace5e8",
                "firstSeenAt": "2026-09-03T14:08:56+00:00"
            }
        },
        "phpoption/phpoption": {
            "1.10.0": {
                "sha256": "04ebc516388b87905f4daa42b21c4fa817afcc65b995155e52cf4805a2a706a3",
                "sourceReference": "67b192b6a42ec03944b972d6e633ddec78ad2c6d",
                "sourceUrl": "https://github.com/schmittjoh/php-option.git",
                "distUrl": "https://api.github.com/repos/schmittjoh/php-option/zipball/67b192b6a42ec03944b972d6e633ddec78ad2c6d",
                "firstSeenAt": "2026-09-03T14:08:51+00:00"
            }
        },
        "phpstan/phpdoc-parser": {
            "2.3.3": {
                "sha256": "9e717f836b296b4bfdc7207815fc07e616d173e55dd51d4da9499d500903566c",
                "sourceReference": "fb19eedd2bb67ff8cf7a5502ad329e701d6398a3",
                "sourceUrl": "https://github.com/phpstan/phpdoc-parser.git",
                "distUrl": "https://api.github.com/repos/phpstan/phpdoc-parser/zipball/fb19eedd2bb67ff8cf7a5502ad329e701d6398a3",
                "firstSeenAt": "2026-09-03T14:08:52+00:00"
            }
        },
        "phpstan/phpstan": {
            "1.12.34": {
                "sha256": "c4bb1b6fde57d55caaa67eda498ac0eda9ee95c42b9e26b83bc8ad735efcfb4a",
                "sourceReference": null,
                "sourceUrl": null,
                "distUrl": "https://api.github.com/repos/phpstan/phpstan/zipball/4dd89ca7aa30fdc6760be21550d583bcc32e8476",
                "firstSeenAt": "2026-09-03T14:08:55+00:00"
            }
        },
        "phpstan/phpstan-deprecation-rules": {
            "1.2.1": {
                "sha256": "45a586fdfdcbfa62a9a92236ef852adc140e01bfb42dca58cb7bca9afc275ce7",
                "sourceReference": "f94d246cc143ec5a23da868f8f7e1393b50eaa82",
                "sourceUrl": "https://github.com/phpstan/phpstan-deprecation-rules.git",
                "distUrl": "https://api.github.com/repos/phpstan/phpstan-deprecation-rules/zipball/f94d246cc143ec5a23da868f8f7e1393b50eaa82",
                "firstSeenAt": "2026-09-03T14:08:56+00:00"
            }
        },
        "phpstan/phpstan-phpunit": {
            "1.4.2": {
                "sha256": "f68817a423cf91f6d3482860338ffe28169cff02cef9fbe51834ee9bd7e0954e",
                "sourceReference": "72a6721c9b64b3e4c9db55abbc38f790b318267e",
                "sourceUrl": "https://github.com/phpstan/phpstan-phpunit.git",
                "distUrl": "https://api.github.com/repos/phpstan/phpstan-phpunit/zipball/72a6721c9b64b3e4c9db55abbc38f790b318267e",
                "firstSeenAt": "2026-09-03T14:08:56+00:00"
            }
        },
        "phpunit/php-code-coverage": {
            "10.1.16": {
                "sha256": "8249b47c9d1598204d07ea2c42072bc3a1da6ea971e8f0a458a2e2402e1535a9",
                "sourceReference": "7e308268858ed6baedc8704a304727d20bc07c77",
                "sourceUrl": "https://github.com/sebastianbergmann/php-code-coverage.git",
                "distUrl": "https://api.github.com/repos/sebastianbergmann/php-code-coverage/zipball/7e308268858ed6baedc8704a304727d20bc07c77",
                "firstSeenAt": "2026-09-03T14:08:55+00:00"
            }
        },
        "phpunit/php-file-iterator": {
            "4.1.0": {
                "sha256": "f2ad353602dfafcb4cdf69a579b719257ffee5481a0682258bdf74e776cdadb3",
                "sourceReference": "a95037b6d9e608ba092da1b23931e537cadc3c3c",
                "sourceUrl": "https://github.com/sebastianbergmann/php-file-iterator.git",
                "distUrl": "https://api.github.com/repos/sebastianbergmann/php-file-iterator/zipball/a95037b6d9e608ba092da1b23931e537cadc3c3c",
                "firstSeenAt": "2026-09-03T14:08:55+00:00"
            }
        },
        "phpunit/php-invoker": {
            "4.0.0": {
                "sha256": "54cba3bd4bff5568c71f5d825084cb016579033d0a26a1b35dd67fcedc8b0d9a",
                "sourceReference": "f5e568ba02fa5ba0ddd0f618391d5a9ea50b06d7",
                "sourceUrl": "https://github.com/sebastianbergmann/php-invoker.git",
                "distUrl": "https://api.github.com/repos/sebastianbergmann/php-invoker/zipball/f5e568ba02fa5ba0ddd0f618391d5a9ea50b06d7",
                "firstSeenAt": "2026-09-03T14:08:54+00:00"
            }
        },
        "phpunit/php-text-template": {
            "3.0.1": {
                "sha256": "9acd5b84ee5dea476964ebd54d6c5e4039e66ea6b732e403f4ed939b4d9b6f20",
                "sourceReference": "0c7b06ff49e3d5072f057eb1fa59258bf287a748",
                "sourceUrl": "https://github.com/sebastianbergmann/php-text-template.git",
                "distUrl": "https://api.github.com/repos/sebastianbergmann/php-text-template/zipball/0c7b06ff49e3d5072f057eb1fa59258bf287a748",
                "firstSeenAt": "2026-09-03T14:08:55+00:00"
            }
        },
        "phpunit/php-timer": {
            "6.0.0": {
                "sha256": "2ef8ef1738ce4ef7286de298723ffad7e45dc91a1d41dda5c58f86b10cbb530b",
                "sourceReference": "e2a2d67966e740530f4a3343fe2e030ffdc1161d",
                "sourceUrl": "https://github.com/sebastianbergmann/php-timer.git",
                "distUrl": "https://api.github.com/repos/sebastianbergmann/php-timer/zipball/e2a2d67966e740530f4a3343fe2e030ffdc1161d",
                "firstSeenAt": "2026-09-03T14:08:55+00:00"
            }
        },
        "phpunit/phpunit": {
            "10.5.63": {
                "sha256": "79396d35e4ffc83afd8004e7737c2b3a54c6564c06e291c54cbf96d5234f84ba",
                "sourceReference": "33198268dad71e926626b618f3ec3966661e4d90",
                "sourceUrl": "https://github.com/sebastianbergmann/phpunit.git",
                "distUrl": "https://api.github.com/repos/sebastianbergmann/phpunit/zipball/33198268dad71e926626b618f3ec3966661e4d90",
                "firstSeenAt": "2026-09-03T14:08:55+00:00"
            }
        },
        "psy/psysh": {
            "v0.12.24": {
                "sha256": "eeb0730d48f146848b83f443714deae605921a2aaa0d56ebd940314608a5cef8",
                "sourceReference": "ca0fdcf8a7617afa3adfdf1b5fef573dffb69ca1",
                "sourceUrl": "https://github.com/bobthecow/psysh.git",
                "distUrl": "https://api.github.com/repos/bobthecow/psysh/zipball/ca0fdcf8a7617afa3adfdf1b5fef573dffb69ca1",
                "firstSeenAt": "2026-09-03T14:08:52+00:00"
            }
        },
        "sebastian/cli-parser": {
            "2.0.1": {
                "sha256": "4e262a193fe1cc98a304a8bd0eaaf9e118b53289721bda2dc2574cef5aabe273",
                "sourceReference": "c34583b87e7b7a8055bf6c450c2c77ce32a24084",
                "sourceUrl": "https://github.com/sebastianbergmann/cli-parser.git",
                "distUrl": "https://api.github.com/repos/sebastianbergmann/cli-parser/zipball/c34583b87e7b7a8055bf6c450c2c77ce32a24084",
                "firstSeenAt": "2026-09-03T14:08:54+00:00"
            }
        },
        "sebastian/code-unit": {
            "2.0.0": {
                "sha256": "cfbd718d2a76a3db89f29c4082e09695e7357e4fc1a96d0527939c245207884c",
                "sourceReference": "a81fee9eef0b7a76af11d121767abc44c104e503",
                "sourceUrl": "https://github.com/sebastianbergmann/code-unit.git",
                "distUrl": "https://api.github.com/repos/sebastianbergmann/code-unit/zipball/a81fee9eef0b7a76af11d121767abc44c104e503",
                "firstSeenAt": "2026-09-03T14:08:54+00:00"
            }
        },
        "sebastian/code-unit-reverse-lookup": {
            "3.0.0": {
                "sha256": "eb21a9a9b7378ba7e48ed0a602f5c103ceb6a36042ccb788ab88ee183d2ba20f",
                "sourceReference": "5e3a687f7d8ae33fb362c5c0743794bbb2420a1d",
                "sourceUrl": "https://github.com/sebastianbergmann/code-unit-reverse-lookup.git",
                "distUrl": "https://api.github.com/repos/sebastianbergmann/code-unit-reverse-lookup/zipball/5e3a687f7d8ae33fb362c5c0743794bbb2420a1d",
                "firstSeenAt": "2026-09-03T14:08:55+00:00"
            }
        },
        "sebastian/comparator": {
            "5.0.5": {
                "sha256": "6e777be5ba66da0422bf45eb0bb51754ac701151920721ec10aa95843b0daa52",
                "sourceReference": "55dfef806eb7dfeb6e7a6935601fef866f8ca48d",
                "sourceUrl": "https://github.com/sebastianbergmann/comparator.git",
                "distUrl": "https://api.github.com/repos/sebastianbergmann/comparator/zipball/55dfef806eb7dfeb6e7a6935601fef866f8ca48d",
                "firstSeenAt": "2026-09-03T14:08:54+00:00"
            }
        },
        "sebastian/complexity": {
            "3.2.0": {
                "sha256": "b078b2b3fb6032addea7184108617d239b28307aee9113bcb5fb0b1577b5eb32",
                "sourceReference": "68ff824baeae169ec9f2137158ee529584553799",
                "sourceUrl": "https://github.com/sebastianbergmann/complexity.git",
                "distUrl": "https://api.github.com/repos/sebastianbergmann/complexity/zipball/68ff824baeae169ec9f2137158ee529584553799",
                "firstSeenAt": "2026-09-03T14:08:54+00:00"
            }
        },
        "sebastian/diff": {
            "5.1.1": {
                "sha256": "8cf1d5560f2f62c2009302fbc191e0f0c05dc5689e2de643c98b8fcc62b73a2a",
                "sourceReference": "c41e007b4b62af48218231d6c2275e4c9b975b2e",
                "sourceUrl": "https://github.com/sebastianbergmann/diff.git",
                "distUrl": "https://api.github.com/repos/sebastianbergmann/diff/zipball/c41e007b4b62af48218231d6c2275e4c9b975b2e",
                "firstSeenAt": "2026-09-03T14:08:54+00:00"
            }
        },
        "sebastian/environment": {
            "6.1.0": {
                "sha256": "aceae72c36930a141ce3c4bec840322fc632bf1e88fabd0d131a83e0765c1f1f",
                "sourceReference": "8074dbcd93529b357029f5cc5058fd3e43666984",
                "sourceUrl": "https://github.com/sebastianbergmann/environment.git",
                "distUrl": "https://api.github.com/repos/sebastianbergmann/environment/zipball/8074dbcd93529b357029f5cc5058fd3e43666984",
                "firstSeenAt": "2026-09-03T14:08:54+00:00"
            }
        },
        "sebastian/exporter": {
            "5.1.4": {
                "sha256": "4917de509f23f7f32921e35594a185a4b026ab2582bc94fa624817b60993f887",
                "sourceReference": "0735b90f4da94969541dac1da743446e276defa6",
                "sourceUrl": "https://github.com/sebastianbergmann/exporter.git",
                "distUrl": "https://api.github.com/repos/sebastianbergmann/exporter/zipball/0735b90f4da94969541dac1da743446e276defa6",
                "firstSeenAt": "2026-09-03T14:08:54+00:00"
            }
        },
        "sebastian/global-state": {
            "6.0.2": {
                "sha256": "8f94295fca5d4955c7ba12644cb74bc295a89238f0a7ea2453987c5b06d0db84",
                "sourceReference": "987bafff24ecc4c9ac418cab1145b96dd6e9cbd9",
                "sourceUrl": "https://github.com/sebastianbergmann/global-state.git",
                "distUrl": "https://api.github.com/repos/sebastianbergmann/global-state/zipball/987bafff24ecc4c9ac418cab1145b96dd6e9cbd9",
                "firstSeenAt": "2026-09-03T14:08:54+00:00"
            }
        },
        "sebastian/lines-of-code": {
            "2.0.2": {
                "sha256": "13c9510199fe22ef46d2559f741ddc21ec6a0e49df0a87031788c69363b75406",
                "sourceReference": "856e7f6a75a84e339195d48c556f23be2ebf75d0",
                "sourceUrl": "https://github.com/sebastianbergmann/lines-of-code.git",
                "distUrl": "https://api.github.com/repos/sebastianbergmann/lines-of-code/zipball/856e7f6a75a84e339195d48c556f23be2ebf75d0",
                "firstSeenAt": "2026-09-03T14:08:54+00:00"
            }
        },
        "sebastian/object-enumerator": {
            "5.0.0": {
                "sha256": "819f2193325060a1e92e8450a339aec3d9d406e3f94c3a97fea93e391bba14bf",
                "sourceReference": "202d0e344a580d7f7d04b3fafce6933e59dae906",
                "sourceUrl": "https://github.com/sebastianbergmann/object-enumerator.git",
                "distUrl": "https://api.github.com/repos/sebastianbergmann/object-enumerator/zipball/202d0e344a580d7f7d04b3fafce6933e59dae906",
                "firstSeenAt": "2026-09-03T14:08:54+00:00"
            }
        },
        "sebastian/object-reflector": {
            "3.0.0": {
                "sha256": "fbaebb071f8b115b5f24b76ecda061e0db8f9d96f90be8bc954ffab3c481ae46",
                "sourceReference": "24ed13d98130f0e7122df55d06c5c4942a577957",
                "sourceUrl": "https://github.com/sebastianbergmann/object-reflector.git",
                "distUrl": "https://api.github.com/repos/sebastianbergmann/object-reflector/zipball/24ed13d98130f0e7122df55d06c5c4942a577957",
                "firstSeenAt": "2026-09-03T14:08:54+00:00"
            }
        },
        "sebastian/recursion-context": {
            "5.0.2": {
                "sha256": "93e9dced3bd39423033124007b0c83d2b6cdd52166461ecb7ff9787d9c15d7b0",
                "sourceReference": "5d32fe257a9b39cb63146924d6b4e32a22d4502a",
                "sourceUrl": "https://github.com/sebastianbergmann/recursion-context.git",
                "distUrl": "https://api.github.com/repos/sebastianbergmann/recursion-context/zipball/5d32fe257a9b39cb63146924d6b4e32a22d4502a",
                "firstSeenAt": "2026-09-03T14:08:54+00:00"
            }
        },
        "sebastian/type": {
            "4.0.0": {
                "sha256": "ac9a65764a9a195dd9b71fa570da99f7072ba20879fcb9d618e1d33744aa513c",
                "sourceReference": "462699a16464c3944eefc02ebdd77882bd3925bf",
                "sourceUrl": "https://github.com/sebastianbergmann/type.git",
                "distUrl": "https://api.github.com/repos/sebastianbergmann/type/zipball/462699a16464c3944eefc02ebdd77882bd3925bf",
                "firstSeenAt": "2026-09-03T14:08:54+00:00"
            }
        },
        "sebastian/version": {
            "4.0.1": {
                "sha256": "d5bbc7257cc4e5c18ef951dbc61be177e303d48263fbcd8ab524179c56cc9191",
                "sourceReference": "c51fa83a5d8f43f1402e3f32a005e6262244ef17",
                "sourceUrl": "https://github.com/sebastianbergmann/version.git",
                "distUrl": "https://api.github.com/repos/sebastianbergmann/version/zipball/c51fa83a5d8f43f1402e3f32a005e6262244ef17",
                "firstSeenAt": "2026-09-03T14:08:54+00:00"
            }
        },
        "spatie/laravel-package-tools": {
            "1.93.2": {
                "sha256": "718cb77d5c6d1015a6312e0243c5f5909229ae78dbf8261d9b77fd2679dc3866",
                "sourceReference": "e927d5b5b05e9fecae098e559e51918aa608ad02",
                "sourceUrl": "https://github.com/spatie/laravel-package-tools.git",
                "distUrl": "https://api.github.com/repos/spatie/laravel-package-tools/zipball/e927d5b5b05e9fecae098e559e51918aa608ad02",
                "firstSeenAt": "2026-09-03T14:08:56+00:00"
            }
        },
        "symfony/console": {
            "v7.4.17": {
                "sha256": "fea85cfc90d14390bb6483a2b2a00f39dfa89ddcb3cc3877a61a43a5da4ff8f4",
                "sourceReference": "962e18f09ebe68a49039b4c82fc0ea4871824fca",
                "sourceUrl": "https://github.com/symfony/console.git",
                "distUrl": "https://api.github.com/repos/symfony/console/zipball/962e18f09ebe68a49039b4c82fc0ea4871824fca",
                "firstSeenAt": "2026-09-03T14:08:51+00:00"
            }
        },
        "symfony/css-selector": {
            "v8.1.5": {
                "sha256": "5bfe0a6bcfec6d147dd368d423d125787c501ae0efc74840f9cf0611581c7776",
                "sourceReference": "a291fb5adb65f52a4bb315db2d803698315dc64d",
                "sourceUrl": "https://github.com/symfony/css-selector.git",
                "distUrl": "https://api.github.com/repos/symfony/css-selector/zipball/a291fb5adb65f52a4bb315db2d803698315dc64d",
                "firstSeenAt": "2026-09-03T14:08:51+00:00"
            }
        },
        "symfony/deprecation-contracts": {
            "v3.7.1": {
                "sha256": "3d91410609aa4f579406a4908e2960155fc3efd6c643884869f875aa73f9687d",
                "sourceReference": "f3202fa1b5097b0af062dc978b32ecf63404e31d",
                "sourceUrl": "https://github.com/symfony/deprecation-contracts.git",
                "distUrl": "https://api.github.com/repos/symfony/deprecation-contracts/zipball/f3202fa1b5097b0af062dc978b32ecf63404e31d",
                "firstSeenAt": "2026-09-03T14:08:51+00:00"
            }
        },
        "symfony/error-handler": {
            "v7.4.17": {
                "sha256": "cdea2a0fe5bbdcc05d68aed47c7d989026b44714f2e8e8ef965decf9b9a90a82",
                "sourceReference": "8373921e231e190a88e2ad526951bbaa791576fa",
                "sourceUrl": "https://github.com/symfony/error-handler.git",
                "distUrl": "https://api.github.com/repos/symfony/error-handler/zipball/8373921e231e190a88e2ad526951bbaa791576fa",
                "firstSeenAt": "2026-09-03T14:08:51+00:00"
            }
        },
        "symfony/event-dispatcher": {
            "v8.1.5": {
                "sha256": "902632b570b9cf74686d9767685012e9929e397279889d023b43bb127f763333",
                "sourceReference": "7458da64220376b2e0dc2d8451bf43382c1ad297",
                "sourceUrl": "https://github.com/symfony/event-dispatcher.git",
                "distUrl": "https://api.github.com/repos/symfony/event-dispatcher/zipball/7458da64220376b2e0dc2d8451bf43382c1ad297",
                "firstSeenAt": "2026-09-03T14:08:51+00:00"
            }
        },
        "symfony/event-dispatcher-contracts": {
            "v3.7.1": {
                "sha256": "cd447f381c65803dbd3fdc94146b2f4c88f921e783ad3a12feb14417d54b7b6d",
                "sourceReference": "c7de7a00ffb67842132da02ea92988a39ccd9f4e",
                "sourceUrl": "https://github.com/symfony/event-dispatcher-contracts.git",
                "distUrl": "https://api.github.com/repos/symfony/event-dispatcher-contracts/zipball/c7de7a00ffb67842132da02ea92988a39ccd9f4e",
                "firstSeenAt": "2026-09-03T14:08:51+00:00"
            }
        },
        "symfony/finder": {
            "v7.4.17": {
                "sha256": "bc3b2bb87d438d11061b0d9a07a1b2b730e66eab5d83e259f21a001c72fb4853",
                "sourceReference": "5ce28827081f6d1f0c32eaf3882750f19cb5bbe6",
                "sourceUrl": "https://github.com/symfony/finder.git",
                "distUrl": "https://api.github.com/repos/symfony/finder/zipball/5ce28827081f6d1f0c32eaf3882750f19cb5bbe6",
                "firstSeenAt": "2026-09-03T14:08:51+00:00"
            }
        },
        "symfony/http-foundation": {
            "v7.4.17": {
                "sha256": "e2ab69fb2530cfb6b7e21d247016694ad42f988557a8233456f54fa3114256f1",
                "sourceReference": "2ebe78c083501dfb9509b31a7aedcae4d60a391f",
                "sourceUrl": "https://github.com/symfony/http-foundation.git",
                "distUrl": "https://api.github.com/repos/symfony/http-foundation/zipball/2ebe78c083501dfb9509b31a7aedcae4d60a391f",
                "firstSeenAt": "2026-09-03T14:08:51+00:00"
            }
        },
        "symfony/http-kernel": {
            "v7.4.17": {
                "sha256": "9d7d1dc10817a2bea1ab0b6b877cf3feff105c88ff30889084653a50ba0264a6",
                "sourceReference": "aa160388d444210e3d01bbb4c5c53af4cd763df4",
                "sourceUrl": "https://github.com/symfony/http-kernel.git",
                "distUrl": "https://api.github.com/repos/symfony/http-kernel/zipball/aa160388d444210e3d01bbb4c5c53af4cd763df4",
                "firstSeenAt": "2026-09-03T14:08:51+00:00"
            }
        },
        "symfony/mailer": {
            "v7.4.17": {
                "sha256": "53789ecde8ae24a61398b0a16fef7955b4c61e1a2d17a2448010ff0052f169dd",
                "sourceReference": "b17c9bf3a551d5f635638a3b6c05f06c4dc87584",
                "sourceUrl": "https://github.com/symfony/mailer.git",
                "distUrl": "https://api.github.com/repos/symfony/mailer/zipball/b17c9bf3a551d5f635638a3b6c05f06c4dc87584",
                "firstSeenAt": "2026-09-03T14:08:51+00:00"
            }
        },
        "symfony/mime": {
            "v7.4.17": {
                "sha256": "d571b26c27f58b9f8f18b1e852e7193476f9caa64672945b73c261d00f8d499e",
                "sourceReference": "bf328d82105831db3e409195db0540ff57f27c80",
                "sourceUrl": "https://github.com/symfony/mime.git",
                "distUrl": "https://api.github.com/repos/symfony/mime/zipball/bf328d82105831db3e409195db0540ff57f27c80",
                "firstSeenAt": "2026-09-03T14:08:51+00:00"
            }
        },
        "symfony/polyfill-intl-grapheme": {
            "v1.41.0": {
                "sha256": "e789490fbac9691af1127a269a45f86ebe676b71d90551790dea2329184340db",
                "sourceReference": "bb899c1db0aa8127dc3afe8cda4a67eb24915f8d",
                "sourceUrl": "https://github.com/symfony/polyfill-intl-grapheme.git",
                "distUrl": "https://api.github.com/repos/symfony/polyfill-intl-grapheme/zipball/bb899c1db0aa8127dc3afe8cda4a67eb24915f8d",
                "firstSeenAt": "2026-09-03T14:08:51+00:00"
            }
        },
        "symfony/polyfill-intl-idn": {
            "v1.42.0": {
                "sha256": "30f4923d01361c9b44c48a07da7441477d726dc03ba7c03beaaaafe87a812089",
                "sourceReference": "51b5ff5ba85452b31ec6f55490b08148612339d9",
                "sourceUrl": "https://github.com/symfony/polyfill-intl-idn.git",
                "distUrl": "https://api.github.com/repos/symfony/polyfill-intl-idn/zipball/51b5ff5ba85452b31ec6f55490b08148612339d9",
                "firstSeenAt": "2026-09-03T14:08:51+00:00"
            }
        },
        "symfony/polyfill-intl-normalizer": {
            "v1.42.0": {
                "sha256": "495d2be5618ae41b1dbb7424b5e40128c01dc8ec00294f12d6dd23d199e3c2df",
                "sourceReference": "aa20edea75bd9c48cfecc8360922e5a6e5c44502",
                "sourceUrl": "https://github.com/symfony/polyfill-intl-normalizer.git",
                "distUrl": "https://api.github.com/repos/symfony/polyfill-intl-normalizer/zipball/aa20edea75bd9c48cfecc8360922e5a6e5c44502",
                "firstSeenAt": "2026-09-03T14:08:51+00:00"
            }
        },
        "symfony/polyfill-php83": {
            "v1.41.0": {
                "sha256": "9a171f0e0c7223f26306ac51b88f8c84444d9f4aeeb822e9213ba2a110de09c3",
                "sourceReference": "5ea99087fb99c273a9b9236ed4c31e78b16103c6",
                "sourceUrl": "https://github.com/symfony/polyfill-php83.git",
                "distUrl": "https://api.github.com/repos/symfony/polyfill-php83/zipball/5ea99087fb99c273a9b9236ed4c31e78b16103c6",
                "firstSeenAt": "2026-09-03T14:08:51+00:00"
            }
        },
        "symfony/polyfill-php85": {
            "v1.41.0": {
                "sha256": "26982edafe1983ad14c42a51976aa51ef2c058a73109a2b08f3bb81c54385469",
                "sourceReference": "255fab485aaa1006ed411040c42aecd7b5302d7a",
                "sourceUrl": "https://github.com/symfony/polyfill-php85.git",
                "distUrl": "https://api.github.com/repos/symfony/polyfill-php85/zipball/255fab485aaa1006ed411040c42aecd7b5302d7a",
                "firstSeenAt": "2026-09-03T14:08:51+00:00"
            }
        },
        "symfony/process": {
            "v7.4.17": {
                "sha256": "d74c43eb55375cf60ff18f4ae5b724b25d8f2328e3ffa2af8378059f1ac8269b",
                "sourceReference": "058d17fc284cce14efb2385783b55014a461b176",
                "sourceUrl": "https://github.com/symfony/process.git",
                "distUrl": "https://api.github.com/repos/symfony/process/zipball/058d17fc284cce14efb2385783b55014a461b176",
                "firstSeenAt": "2026-09-03T14:08:51+00:00"
            }
        },
        "symfony/routing": {
            "v7.4.17": {
                "sha256": "d33e57d33966dd750ad592d25c1b87087c3c2cabd8bdf4f452342a46af3814c3",
                "sourceReference": "ddd558991e98f693ae6bf5063cc1b0362c6bbec3",
                "sourceUrl": "https://github.com/symfony/routing.git",
                "distUrl": "https://api.github.com/repos/symfony/routing/zipball/ddd558991e98f693ae6bf5063cc1b0362c6bbec3",
                "firstSeenAt": "2026-09-03T14:08:51+00:00"
            }
        },
        "symfony/service-contracts": {
            "v3.7.1": {
                "sha256": "b09bbb37d2b358cc2075dde62fea7cccaf8c4c4a3d5848812504e6bc44035afa",
                "sourceReference": "c0a284bab1ed8aa0417e3d69250ab437739563a0",
                "sourceUrl": "https://github.com/symfony/service-contracts.git",
                "distUrl": "https://api.github.com/repos/symfony/service-contracts/zipball/c0a284bab1ed8aa0417e3d69250ab437739563a0",
                "firstSeenAt": "2026-09-03T14:08:51+00:00"
            }
        },
        "symfony/string": {
            "v8.1.2": {
                "sha256": "3a47b14f9c0e641597a7e768d07f6e7d84ac306f25f3f0fd1e0fe397259be2ee",
                "sourceReference": "286a76b7255e5cc4bf0101a0bc5388ecf1c38ccc",
                "sourceUrl": "https://github.com/symfony/string.git",
                "distUrl": "https://api.github.com/repos/symfony/string/zipball/286a76b7255e5cc4bf0101a0bc5388ecf1c38ccc",
                "firstSeenAt": "2026-09-03T14:08:51+00:00"
            }
        },
        "symfony/translation": {
            "v8.1.5": {
                "sha256": "bcda36f233cb2182cce01f6c7761216e299f0d85c648d3fc3c992019aa352e98",
                "sourceReference": "d9e1caba0d6b6f9a26710af8a2f88d37f001215a",
                "sourceUrl": "https://github.com/symfony/translation.git",
                "distUrl": "https://api.github.com/repos/symfony/translation/zipball/d9e1caba0d6b6f9a26710af8a2f88d37f001215a",
                "firstSeenAt": "2026-09-03T14:08:51+00:00"
            }
        },
        "symfony/translation-contracts": {
            "v3.7.1": {
                "sha256": "a56c767440ea61bf22d16b2bc8102b1cf07c635da7a47bc809b4d4699a741820",
                "sourceReference": "ccb206b98faccc511ebae8e5fad50f2dc0b30621",
                "sourceUrl": "https://github.com/symfony/translation-contracts.git",
                "distUrl": "https://api.github.com/repos/symfony/translation-contracts/zipball/ccb206b98faccc511ebae8e5fad50f2dc0b30621",
                "firstSeenAt": "2026-09-03T14:08:51+00:00"
            }
        },
        "symfony/uid": {
            "v7.4.17": {
                "sha256": "9d31141e622255fe7799d46b38bd6360a6fa1bb614afd45478809db56fab992e",
                "sourceReference": "69d732355a139c6f8881337d28515aa01f12b8be",
                "sourceUrl": "https://github.com/symfony/uid.git",
                "distUrl": "https://api.github.com/repos/symfony/uid/zipball/69d732355a139c6f8881337d28515aa01f12b8be",
                "firstSeenAt": "2026-09-03T14:08:51+00:00"
            }
        },
        "symfony/var-dumper": {
            "v7.4.17": {
                "sha256": "b42a0d32933c7fdf591eb1e637c5dce91dc4e6e080b7409ce890206f67095b65",
                "sourceReference": "53712df8727da1744490202eeb9cb50d4b95419d",
                "sourceUrl": "https://github.com/symfony/var-dumper.git",
                "distUrl": "https://api.github.com/repos/symfony/var-dumper/zipball/53712df8727da1744490202eeb9cb50d4b95419d",
                "firstSeenAt": "2026-09-03T14:08:51+00:00"
            }
        },
        "symfony/yaml": {
            "v7.4.17": {
                "sha256": "3e96cc6f079c3c11ff94d34d40123cd153138c57aba8429eec449255ff19b997",
                "sourceReference": "0b040d7b66ceb10b7bb24c8e6656257932693a12",
                "sourceUrl": "https://github.com/symfony/yaml.git",
                "distUrl": "https://api.github.com/repos/symfony/yaml/zipball/0b040d7b66ceb10b7bb24c8e6656257932693a12",
                "firstSeenAt": "2026-09-03T14:08:55+00:00"
            }
        },
        "theseer/tokenizer": {
            "1.3.1": {
                "sha256": "1e9d6a207878ecb85c948cb5b569a77f20bdcd99666ce2f03479dab175198524",
                "sourceReference": "b7489ce515e168639d17feec34b8847c326b0b3c",
                "sourceUrl": "https://github.com/theseer/tokenizer.git",
                "distUrl": "https://api.github.com/repos/theseer/tokenizer/zipball/b7489ce515e168639d17feec34b8847c326b0b3c",
                "firstSeenAt": "2026-09-03T14:08:51+00:00"
            }
        },
        "vlucas/phpdotenv": {
            "v5.7.0": {
                "sha256": "cbc5bf8db966ecfce2f6bf793be5b2dda2b35f7b88d8bbb8a2c66c9433e9b5c0",
                "sourceReference": "301c07936b16d88628b126b01d082ba153cf4c40",
                "sourceUrl": "https://github.com/vlucas/phpdotenv.git",
                "distUrl": "https://api.github.com/repos/vlucas/phpdotenv/zipball/301c07936b16d88628b126b01d082ba153cf4c40",
                "firstSeenAt": "2026-09-03T14:08:51+00:00"
            }
        }
    }
}
