{
    "_readme": [
        "Generated by innobrain/soak-time. Records package integrity evidence",
        "for every version installed into this project. Commit alongside composer.lock.",
        "A mismatch against recorded hashes, source references, or canonical URLs",
        "hard-fails the run \u2014 the signal of an altered historical release."
    ],
    "_version": 2,
    "packages": {
        "brick/math": {
            "0.17.2": {
                "sha256": "82b3e989c1685f6fb2d971e32f89e3e338c31a67444708232c3bdfa06f99b346",
                "sourceReference": "8189e751995f9e15729c1aa2f89fa8f166ffe818",
                "sourceUrl": "https://github.com/brick/math.git",
                "distUrl": "https://api.github.com/repos/brick/math/zipball/8189e751995f9e15729c1aa2f89fa8f166ffe818",
                "firstSeenAt": "2026-06-30T15:01:31+00:00"
            }
        },
        "composer/pcre": {
            "3.4.0": {
                "sha256": "dc9cbb5032338c0efd6a1e50d0a263f1d5aa162452259f56f031f7e16b327135",
                "sourceReference": "d5a341b3fb61f3001970940afb1d332968a183ed",
                "sourceUrl": "https://github.com/composer/pcre.git",
                "distUrl": "https://api.github.com/repos/composer/pcre/zipball/d5a341b3fb61f3001970940afb1d332968a183ed",
                "firstSeenAt": "2026-06-30T15:01:29+00:00"
            }
        },
        "composer/xdebug-handler": {
            "3.0.5": {
                "sha256": "b36277498bf6068cbb4c9f12c79b922ab922912c56694f0fd8dd5f718aa8e0b1",
                "sourceReference": "6c1925561632e83d60a44492e0b344cf48ab85ef",
                "sourceUrl": "https://github.com/composer/xdebug-handler.git",
                "distUrl": "https://api.github.com/repos/composer/xdebug-handler/zipball/6c1925561632e83d60a44492e0b344cf48ab85ef",
                "firstSeenAt": "2026-06-30T15:01:29+00:00"
            }
        },
        "driftingly/rector-laravel": {
            "2.5.0": {
                "sha256": "88537d9a3cafab2bdc2455dec429107933b45bb55ae4e93aec4570a083ef0253",
                "sourceReference": "0dbdd842dfdbc821cfe5f47ca7326e2502b2a107",
                "sourceUrl": "https://github.com/driftingly/rector-laravel.git",
                "distUrl": "https://api.github.com/repos/driftingly/rector-laravel/zipball/0dbdd842dfdbc821cfe5f47ca7326e2502b2a107",
                "firstSeenAt": "2026-06-30T15:01:30+00:00"
            }
        },
        "guzzlehttp/guzzle": {
            "7.12.2": {
                "sha256": "35d7aab0d9474453ab3993f063e5f8dd0cfc1e3b5e92789e2dd2a2c14edca94d",
                "sourceReference": "1289bf2975291b73e29e9422da675c87f56d28f1",
                "sourceUrl": "https://github.com/guzzle/guzzle.git",
                "distUrl": "https://api.github.com/repos/guzzle/guzzle/zipball/1289bf2975291b73e29e9422da675c87f56d28f1",
                "firstSeenAt": "2026-06-30T15:01:30+00:00"
            }
        },
        "guzzlehttp/promises": {
            "2.5.0": {
                "sha256": "c016f016a9b2e5177025418b51e187c2c47ee9ebde1d1135755e4a5bd478aa9d",
                "sourceReference": "4360e982f87f5f258bf872d094647791db2f4c8e",
                "sourceUrl": "https://github.com/guzzle/promises.git",
                "distUrl": "https://api.github.com/repos/guzzle/promises/zipball/4360e982f87f5f258bf872d094647791db2f4c8e",
                "firstSeenAt": "2026-06-30T15:01:29+00:00"
            }
        },
        "guzzlehttp/psr7": {
            "2.12.2": {
                "sha256": "85cb3f75efb484e086618e674bb78198918a569f01ee972152eedbe0858ba05d",
                "sourceReference": "5ec8b151cfda84f9c3d582c23459333ee17e4b4b",
                "sourceUrl": "https://github.com/guzzle/psr7.git",
                "distUrl": "https://api.github.com/repos/guzzle/psr7/zipball/5ec8b151cfda84f9c3d582c23459333ee17e4b4b",
                "firstSeenAt": "2026-06-30T15:01:29+00:00"
            }
        },
        "guzzlehttp/uri-template": {
            "v1.0.8": {
                "sha256": "e56c1b846bfb95fca8cadcf52221d18770b714a7e6a94019d6b0da1522df0d5e",
                "sourceReference": "9c19128923b05a5d7355e5d2318d7808b7e33bbd",
                "sourceUrl": "https://github.com/guzzle/uri-template.git",
                "distUrl": "https://api.github.com/repos/guzzle/uri-template/zipball/9c19128923b05a5d7355e5d2318d7808b7e33bbd",
                "firstSeenAt": "2026-06-30T15:01:30+00:00"
            }
        },
        "larastan/larastan": {
            "v3.10.0": {
                "sha256": "b5d2b1a596f381f631da88882e35e220914b8638da267396dce89afb43236968",
                "sourceReference": "2970f83398154178a739609c244577267c7ee8eb",
                "sourceUrl": "https://github.com/larastan/larastan.git",
                "distUrl": "https://api.github.com/repos/larastan/larastan/zipball/2970f83398154178a739609c244577267c7ee8eb",
                "firstSeenAt": "2026-06-30T15:01:32+00:00"
            }
        },
        "laravel/framework": {
            "v13.16.1": {
                "sha256": "923021ab3a8f74d0cc0923983c2a4130df1660d9240f3faaa548ada722d678c4",
                "sourceReference": "6135650d69bd9442e470bb1b343422081b076f1e",
                "sourceUrl": "https://github.com/laravel/framework.git",
                "distUrl": "https://api.github.com/repos/laravel/framework/zipball/6135650d69bd9442e470bb1b343422081b076f1e",
                "firstSeenAt": "2026-06-30T15:01:33+00:00"
            }
        },
        "laravel/pail": {
            "v1.2.7": {
                "sha256": "17f226a856ffca79295e130f232990ec62351bc54d4b5c51572c67b7e612d0f4",
                "sourceReference": "2f7d27dada8effc48b8c424445a69cca7007daaa",
                "sourceUrl": "https://github.com/laravel/pail.git",
                "distUrl": "https://api.github.com/repos/laravel/pail/zipball/2f7d27dada8effc48b8c424445a69cca7007daaa",
                "firstSeenAt": "2026-06-30T15:01:32+00:00"
            }
        },
        "laravel/pint": {
            "v1.29.3": {
                "sha256": "17dd42aadebf6f3bb7032aa3ceb2ba1576064aae0b0c06d4eb9cfa230d7d83f5",
                "sourceReference": "da1d1111a6aa2e082d2a388b194afe1ba0a05d14",
                "sourceUrl": "https://github.com/laravel/pint.git",
                "distUrl": "https://api.github.com/repos/laravel/pint/zipball/da1d1111a6aa2e082d2a388b194afe1ba0a05d14",
                "firstSeenAt": "2026-06-30T15:01:34+00:00"
            }
        },
        "laravel/prompts": {
            "v0.3.18": {
                "sha256": "e9bd02e4f7f4397d183d2d29e87b8f2b9af8347ff1dc5ddfa17e0cc1bdd24c8d",
                "sourceReference": "a19af51bb144bf87f08397921fa619f85c7d4e72",
                "sourceUrl": "https://github.com/laravel/prompts.git",
                "distUrl": "https://api.github.com/repos/laravel/prompts/zipball/a19af51bb144bf87f08397921fa619f85c7d4e72",
                "firstSeenAt": "2026-06-30T15:01:32+00:00"
            }
        },
        "laravel/serializable-closure": {
            "v2.0.13": {
                "sha256": "403a89643f22a56f5f58d55b6b6da00b435e23a703af293df81450a3f35a8b52",
                "sourceReference": "b566ee0dd251f3c4078bed003a7ce015f5ea6dce",
                "sourceUrl": "https://github.com/laravel/serializable-closure.git",
                "distUrl": "https://api.github.com/repos/laravel/serializable-closure/zipball/b566ee0dd251f3c4078bed003a7ce015f5ea6dce",
                "firstSeenAt": "2026-06-30T15:01:32+00:00"
            }
        },
        "league/flysystem": {
            "3.35.0": {
                "sha256": "17b462e8ed9a0c7b2d6c142225d7e0d88de51e709e48ec1b1dccb6fbfcee8f77",
                "sourceReference": "d0a405f03d980461e4b6e08cfed2c162650f9f6b",
                "sourceUrl": "https://github.com/thephpleague/flysystem.git",
                "distUrl": "https://api.github.com/repos/thephpleague/flysystem/zipball/d0a405f03d980461e4b6e08cfed2c162650f9f6b",
                "firstSeenAt": "2026-06-30T15:01:32+00:00"
            }
        },
        "nesbot/carbon": {
            "3.13.0": {
                "sha256": "132f8801c7a6458c2a718748596f3ee33abc816a164f69b37a3ad78f44faa9cd",
                "sourceReference": "40f6618f052df16b545f626fbf9a878e6497d16a",
                "sourceUrl": "https://github.com/CarbonPHP/carbon.git",
                "distUrl": "https://api.github.com/repos/CarbonPHP/carbon/zipball/40f6618f052df16b545f626fbf9a878e6497d16a",
                "firstSeenAt": "2026-06-30T15:01:32+00:00"
            }
        },
        "nette/utils": {
            "v4.1.4": {
                "sha256": "d67aa9a992985c6aed0401ad77dc14e493f29b30ea7bad2ed93d824c380ce623",
                "sourceReference": "7da6c396d7ebe142bc857c20479d5e70a5e1aac7",
                "sourceUrl": "https://github.com/nette/utils.git",
                "distUrl": "https://api.github.com/repos/nette/utils/zipball/7da6c396d7ebe142bc857c20479d5e70a5e1aac7",
                "firstSeenAt": "2026-06-30T15:01:32+00:00"
            }
        },
        "nunomaduro/collision": {
            "v8.9.4": {
                "sha256": "66f7488584daf83c24a41e60a5e67f308715ffab91c980bbd4db46652c8637bb",
                "sourceReference": "716af8f95a470e9094cfca09ed897b023be191a5",
                "sourceUrl": "https://github.com/nunomaduro/collision.git",
                "distUrl": "https://api.github.com/repos/nunomaduro/collision/zipball/716af8f95a470e9094cfca09ed897b023be191a5",
                "firstSeenAt": "2026-06-30T15:01:32+00:00"
            }
        },
        "orchestra/testbench-core": {
            "v11.3.5": {
                "sha256": "f54e260a160cb716fc83a5b35e26b7b327cca20f7893f1235ea5e5346ec1ba04",
                "sourceReference": "a6773cd554177edb800f1e610d128b5acf813783",
                "sourceUrl": "https://github.com/orchestral/testbench-core.git",
                "distUrl": "https://api.github.com/repos/orchestral/testbench-core/zipball/a6773cd554177edb800f1e610d128b5acf813783",
                "firstSeenAt": "2026-06-30T15:01:32+00:00"
            }
        },
        "pestphp/pest": {
            "v4.7.3": {
                "sha256": "ddb452419d5f5ab879142bdcdd104d620ac3777a8a2f689a3c6c2aafcdca5fe7",
                "sourceReference": "87882a8561bf3ddf230b9a6b764f367f687d5b2f",
                "sourceUrl": "https://github.com/pestphp/pest.git",
                "distUrl": "https://api.github.com/repos/pestphp/pest/zipball/87882a8561bf3ddf230b9a6b764f367f687d5b2f",
                "firstSeenAt": "2026-06-30T15:01:33+00:00"
            }
        },
        "phpstan/phpstan": {
            "2.2.2": {
                "sha256": "59b465463ac2b4e2a551386d21e4670c09b72b98cefb8f3fbbf7908dbe67814e",
                "sourceReference": null,
                "sourceUrl": null,
                "distUrl": "https://api.github.com/repos/phpstan/phpstan/zipball/e5cc34d491a90e79c216d824f60fe21fd4d93bd6",
                "firstSeenAt": "2026-06-30T15:01:32+00:00"
            }
        },
        "phpunit/php-code-coverage": {
            "12.5.7": {
                "sha256": "c3fc8e01e072234b67e7847f01d934263e2a19092612c139d579598a591c2ba7",
                "sourceReference": "186dab580576598076de6818596d12b61801880e",
                "sourceUrl": "https://github.com/sebastianbergmann/php-code-coverage.git",
                "distUrl": "https://api.github.com/repos/sebastianbergmann/php-code-coverage/zipball/186dab580576598076de6818596d12b61801880e",
                "firstSeenAt": "2026-06-30T15:01:29+00:00"
            }
        },
        "phpunit/phpunit": {
            "12.5.29": {
                "sha256": "9e15237e9272f973bcfaf2778f2a2955db4f3677c7fd484c8d05148b8442a582",
                "sourceReference": "9aa66a47db3ea70f1a468e66dd969f67e594945a",
                "sourceUrl": "https://github.com/sebastianbergmann/phpunit.git",
                "distUrl": "https://api.github.com/repos/sebastianbergmann/phpunit/zipball/9aa66a47db3ea70f1a468e66dd969f67e594945a",
                "firstSeenAt": "2026-06-30T15:01:31+00:00"
            }
        },
        "psy/psysh": {
            "v0.12.23": {
                "sha256": "e15e4d144dd93b3f0be3e6585e48af79dadbc97bc51c092ab28bef5f3570f48b",
                "sourceReference": "4dcc0f08047d52bbde475eda481146fd8e27e1a4",
                "sourceUrl": "https://github.com/bobthecow/psysh.git",
                "distUrl": "https://api.github.com/repos/bobthecow/psysh/zipball/4dcc0f08047d52bbde475eda481146fd8e27e1a4",
                "firstSeenAt": "2026-06-30T15:01:32+00:00"
            }
        },
        "ramsey/uuid": {
            "4.9.3": {
                "sha256": "71d718c3530ed9e2d6526198b562ced882b9e547ffd5a24ef9c5aeb67d174c25",
                "sourceReference": "1df15849d00943a67d677dc9cfd80795f038c9f8",
                "sourceUrl": "https://github.com/ramsey/uuid.git",
                "distUrl": "https://api.github.com/repos/ramsey/uuid/zipball/1df15849d00943a67d677dc9cfd80795f038c9f8",
                "firstSeenAt": "2026-06-30T15:01:31+00:00"
            }
        },
        "rector/rector": {
            "2.5.2": {
                "sha256": "1e7c31c72771627042b9432337c15e52847cb966bf60c7a079c6e2d2b2c5de00",
                "sourceReference": "49ff6339174bdbdf50b0b35ecbcff14a05ac9e24",
                "sourceUrl": "https://github.com/rectorphp/rector.git",
                "distUrl": "https://api.github.com/repos/rectorphp/rector/zipball/49ff6339174bdbdf50b0b35ecbcff14a05ac9e24",
                "firstSeenAt": "2026-06-30T15:01:33+00:00"
            }
        },
        "sebastian/cli-parser": {
            "4.2.1": {
                "sha256": "2b22108c4c0fef57209bf7d285db27d059356c695fa718e9a237e646dbeeaa6b",
                "sourceReference": "7d05781b13f7dec9043a629a21d086ed74582a15",
                "sourceUrl": "https://github.com/sebastianbergmann/cli-parser.git",
                "distUrl": "https://api.github.com/repos/sebastianbergmann/cli-parser/zipball/7d05781b13f7dec9043a629a21d086ed74582a15",
                "firstSeenAt": "2026-06-30T15:01:29+00:00"
            }
        },
        "sebastian/comparator": {
            "7.1.8": {
                "sha256": "86841e308bb2a2fcdba30b86e9027576d0a57fdbe96863cec9ee0a5c14e8ea3a",
                "sourceReference": "7c65c1e79836812819705b473a90c12399542485",
                "sourceUrl": "https://github.com/sebastianbergmann/comparator.git",
                "distUrl": "https://api.github.com/repos/sebastianbergmann/comparator/zipball/7c65c1e79836812819705b473a90c12399542485",
                "firstSeenAt": "2026-06-30T15:01:29+00:00"
            }
        },
        "sebastian/environment": {
            "8.1.2": {
                "sha256": "1684e7b30ffaf77f405ccb27703839abb16880e476ed7024006ed9c339dc9d0a",
                "sourceReference": "9d32c685773823b1983e256ae4ecd48a10d6e439",
                "sourceUrl": "https://github.com/sebastianbergmann/environment.git",
                "distUrl": "https://api.github.com/repos/sebastianbergmann/environment/zipball/9d32c685773823b1983e256ae4ecd48a10d6e439",
                "firstSeenAt": "2026-06-30T15:01:28+00:00"
            }
        },
        "sebastian/exporter": {
            "7.0.3": {
                "sha256": "c207456be013cfe14d890896cb0a15290ca07d39c9ea7794b9154574e8bda84f",
                "sourceReference": "c5e21b5de653ce0a769fb36f5cdfcb5e7a32cf23",
                "sourceUrl": "https://github.com/sebastianbergmann/exporter.git",
                "distUrl": "https://api.github.com/repos/sebastianbergmann/exporter/zipball/c5e21b5de653ce0a769fb36f5cdfcb5e7a32cf23",
                "firstSeenAt": "2026-06-30T15:01:28+00:00"
            }
        },
        "sebastian/global-state": {
            "8.0.3": {
                "sha256": "1965cc5dc7f865815d1e17e42e34a750ec0c8dbdc2650a284b237d12ad225019",
                "sourceReference": "b164d3274d6537ab462591c5755f76a8f5b1aae9",
                "sourceUrl": "https://github.com/sebastianbergmann/global-state.git",
                "distUrl": "https://api.github.com/repos/sebastianbergmann/global-state/zipball/b164d3274d6537ab462591c5755f76a8f5b1aae9",
                "firstSeenAt": "2026-06-30T15:01:28+00:00"
            }
        },
        "sebastian/lines-of-code": {
            "4.0.1": {
                "sha256": "9dfad7a8811c332c387130bc09f29f3c489dfa07e562e7fa61ae1aecb778bf11",
                "sourceReference": "d543b8ef219dcd8da262cbb958639a96bedba10e",
                "sourceUrl": "https://github.com/sebastianbergmann/lines-of-code.git",
                "distUrl": "https://api.github.com/repos/sebastianbergmann/lines-of-code/zipball/d543b8ef219dcd8da262cbb958639a96bedba10e",
                "firstSeenAt": "2026-06-30T15:01:28+00:00"
            }
        },
        "sebastian/type": {
            "6.0.4": {
                "sha256": "301c822219ed505cd1e38dbdbb095e22f1a4aae8cf00de06856481a037b1c664",
                "sourceReference": "82ff822c2edc46724be9f7411d3163021f602773",
                "sourceUrl": "https://github.com/sebastianbergmann/type.git",
                "distUrl": "https://api.github.com/repos/sebastianbergmann/type/zipball/82ff822c2edc46724be9f7411d3163021f602773",
                "firstSeenAt": "2026-06-30T15:01:28+00:00"
            }
        },
        "spatie/laravel-package-tools": {
            "1.93.1": {
                "sha256": "cacabba9237eb7ef66d629884399f9d5532970fcd365977eac052aeed14517d8",
                "sourceReference": "d5552849801f2642aea710557463234b59ef65eb",
                "sourceUrl": "https://github.com/spatie/laravel-package-tools.git",
                "distUrl": "https://api.github.com/repos/spatie/laravel-package-tools/zipball/d5552849801f2642aea710557463234b59ef65eb",
                "firstSeenAt": "2026-06-30T15:01:32+00:00"
            }
        },
        "symfony/clock": {
            "v8.1.0": {
                "sha256": "3a75cc52b13af5e157c55c2b5cdde6b4311a94a9d700daa42bcae2034a575df2",
                "sourceReference": "701ef4de9705d6c32292ebee5e8044094a09fbf6",
                "sourceUrl": "https://github.com/symfony/clock.git",
                "distUrl": "https://api.github.com/repos/symfony/clock/zipball/701ef4de9705d6c32292ebee5e8044094a09fbf6",
                "firstSeenAt": "2026-06-30T15:01:31+00:00"
            }
        },
        "symfony/console": {
            "v8.1.0": {
                "sha256": "5b79570363c88cac5f4f832591b91d2ebbfb6974ff0b72528dad0b78d7a80a4d",
                "sourceReference": "f5a856c6ecb56b3c21ed94a5b7bf940d857d110a",
                "sourceUrl": "https://github.com/symfony/console.git",
                "distUrl": "https://api.github.com/repos/symfony/console/zipball/f5a856c6ecb56b3c21ed94a5b7bf940d857d110a",
                "firstSeenAt": "2026-06-30T15:01:28+00:00"
            }
        },
        "symfony/css-selector": {
            "v8.1.0": {
                "sha256": "85df398154c49fdef40b296899374c5b2bf61f8d10ed265d0b74c6eec7c4c389",
                "sourceReference": "dc0e2be45c9b5588c82414f02ac574b4b986abcd",
                "sourceUrl": "https://github.com/symfony/css-selector.git",
                "distUrl": "https://api.github.com/repos/symfony/css-selector/zipball/dc0e2be45c9b5588c82414f02ac574b4b986abcd",
                "firstSeenAt": "2026-06-30T15:01:30+00:00"
            }
        },
        "symfony/deprecation-contracts": {
            "v3.7.0": {
                "sha256": "00d637bce4a1530be5720ebccf3e84545e09856f7fc701860b2034fb9a894b6b",
                "sourceReference": "50f59d1f3ca46d41ac911f97a78626b6756af35b",
                "sourceUrl": "https://github.com/symfony/deprecation-contracts.git",
                "distUrl": "https://api.github.com/repos/symfony/deprecation-contracts/zipball/50f59d1f3ca46d41ac911f97a78626b6756af35b",
                "firstSeenAt": "2026-06-30T15:01:28+00:00"
            }
        },
        "symfony/error-handler": {
            "v8.1.0": {
                "sha256": "7f1b9203cd2de5098f100d8f95e8772c1efa14123d0474e0cf940deb351f4d9f",
                "sourceReference": "d8aeb1abd3fef84795567850d3a567bdb5945ee5",
                "sourceUrl": "https://github.com/symfony/error-handler.git",
                "distUrl": "https://api.github.com/repos/symfony/error-handler/zipball/d8aeb1abd3fef84795567850d3a567bdb5945ee5",
                "firstSeenAt": "2026-06-30T15:01:31+00:00"
            }
        },
        "symfony/event-dispatcher": {
            "v8.1.0": {
                "sha256": "d086ca7d5fde343489b64da70d5a5a33f62ddba4176dd5231a29b90dafc9b306",
                "sourceReference": "f249ae3f680958b6f1f9dd76e5747cf0695b4102",
                "sourceUrl": "https://github.com/symfony/event-dispatcher.git",
                "distUrl": "https://api.github.com/repos/symfony/event-dispatcher/zipball/f249ae3f680958b6f1f9dd76e5747cf0695b4102",
                "firstSeenAt": "2026-06-30T15:01:31+00:00"
            }
        },
        "symfony/event-dispatcher-contracts": {
            "v3.7.0": {
                "sha256": "bc6232ddbfca58a659be8a68e3bbe069015ff85d6757ef6336ac22e0f766391f",
                "sourceReference": "ccba7060602b7fed0b03c85bf025257f76d9ef32",
                "sourceUrl": "https://github.com/symfony/event-dispatcher-contracts.git",
                "distUrl": "https://api.github.com/repos/symfony/event-dispatcher-contracts/zipball/ccba7060602b7fed0b03c85bf025257f76d9ef32",
                "firstSeenAt": "2026-06-30T15:01:30+00:00"
            }
        },
        "symfony/finder": {
            "v8.1.0": {
                "sha256": "ce87f64695e2b641bb0967d4989a690d77b60916fb1bbac0bcfdb24e6c3d0ee6",
                "sourceReference": "58d2e767a66052c1487356f953445634a8194c64",
                "sourceUrl": "https://github.com/symfony/finder.git",
                "distUrl": "https://api.github.com/repos/symfony/finder/zipball/58d2e767a66052c1487356f953445634a8194c64",
                "firstSeenAt": "2026-06-30T15:01:31+00:00"
            }
        },
        "symfony/http-foundation": {
            "v8.1.0": {
                "sha256": "37dbc968974560c231af2cf7845387ef7855adbff7f500d4e3dec8de2f0eaa42",
                "sourceReference": "af11474600f06718086c2cda4fa6fa8d0a672e7e",
                "sourceUrl": "https://github.com/symfony/http-foundation.git",
                "distUrl": "https://api.github.com/repos/symfony/http-foundation/zipball/af11474600f06718086c2cda4fa6fa8d0a672e7e",
                "firstSeenAt": "2026-06-30T15:01:29+00:00"
            }
        },
        "symfony/http-kernel": {
            "v8.1.0": {
                "sha256": "7f56ed24c193e7adb7e684d4c37515e64958145c066ed3f40591aee23dd4bb31",
                "sourceReference": "cefeb37c82eed3e0c42fa25ba64cd3a908d90f39",
                "sourceUrl": "https://github.com/symfony/http-kernel.git",
                "distUrl": "https://api.github.com/repos/symfony/http-kernel/zipball/cefeb37c82eed3e0c42fa25ba64cd3a908d90f39",
                "firstSeenAt": "2026-06-30T15:01:31+00:00"
            }
        },
        "symfony/mailer": {
            "v8.1.0": {
                "sha256": "f46373d2bfe68309e1ffda573f55c762005595fba26823b6501e21855e68c647",
                "sourceReference": "9418d772df3a03a142e3bc06f602adb2b8724877",
                "sourceUrl": "https://github.com/symfony/mailer.git",
                "distUrl": "https://api.github.com/repos/symfony/mailer/zipball/9418d772df3a03a142e3bc06f602adb2b8724877",
                "firstSeenAt": "2026-06-30T15:01:31+00:00"
            }
        },
        "symfony/mime": {
            "v8.1.0": {
                "sha256": "9d8fff730a93f6b1c488b2e35cb88a82301d6f949bc9e3aca1caa8a3eb524cd3",
                "sourceReference": "b164ae7e3f7915aacfe9ee155f2f358502440664",
                "sourceUrl": "https://github.com/symfony/mime.git",
                "distUrl": "https://api.github.com/repos/symfony/mime/zipball/b164ae7e3f7915aacfe9ee155f2f358502440664",
                "firstSeenAt": "2026-06-30T15:01:31+00:00"
            }
        },
        "symfony/polyfill-intl-grapheme": {
            "v1.38.1": {
                "sha256": "f4e28be599d1b7cd8e51ec5b37fb480ffb45ba1fd3546f9d1271ea868932a98e",
                "sourceReference": "e9247d281d694a5120554d9afaf54e070e88a603",
                "sourceUrl": "https://github.com/symfony/polyfill-intl-grapheme.git",
                "distUrl": "https://api.github.com/repos/symfony/polyfill-intl-grapheme/zipball/e9247d281d694a5120554d9afaf54e070e88a603",
                "firstSeenAt": "2026-06-30T15:01:28+00:00"
            }
        },
        "symfony/polyfill-intl-idn": {
            "v1.38.1": {
                "sha256": "3b06ee3a6ecf360ad9b7e4ce90809ec89722d9a7fcb8ef1f8a47620129abb6e5",
                "sourceReference": "dc21118016c039a66235cf93d96b435ffb282412",
                "sourceUrl": "https://github.com/symfony/polyfill-intl-idn.git",
                "distUrl": "https://api.github.com/repos/symfony/polyfill-intl-idn/zipball/dc21118016c039a66235cf93d96b435ffb282412",
                "firstSeenAt": "2026-06-30T15:01:30+00:00"
            }
        },
        "symfony/polyfill-intl-normalizer": {
            "v1.38.0": {
                "sha256": "ad6b8ae2e7cfa7838c20bada21e8996ee9a0b3e063a50d7fd2724d1d16c62df3",
                "sourceReference": "2d446c214bdbe5b71bde5011b060a05fece3ae6b",
                "sourceUrl": "https://github.com/symfony/polyfill-intl-normalizer.git",
                "distUrl": "https://api.github.com/repos/symfony/polyfill-intl-normalizer/zipball/2d446c214bdbe5b71bde5011b060a05fece3ae6b",
                "firstSeenAt": "2026-06-30T15:01:28+00:00"
            }
        },
        "symfony/polyfill-mbstring": {
            "v1.38.2": {
                "sha256": "36b2903d9d9b319bdcf6ec968604ad4bbfa0aabc1f9088ac18c8f633c6e76d31",
                "sourceReference": "d3d318bad5e7a1bfbd026009c8bfb8d8f99ae6b6",
                "sourceUrl": "https://github.com/symfony/polyfill-mbstring.git",
                "distUrl": "https://api.github.com/repos/symfony/polyfill-mbstring/zipball/d3d318bad5e7a1bfbd026009c8bfb8d8f99ae6b6",
                "firstSeenAt": "2026-06-30T15:01:28+00:00"
            }
        },
        "symfony/polyfill-php83": {
            "v1.38.2": {
                "sha256": "188b79bdcbff45bba643b6cdc2efcb4234c134ae736a20235c134f194ffac6e7",
                "sourceReference": "796a26abb75ce49f3a84433cd81bf1009d73d5f8",
                "sourceUrl": "https://github.com/symfony/polyfill-php83.git",
                "distUrl": "https://api.github.com/repos/symfony/polyfill-php83/zipball/796a26abb75ce49f3a84433cd81bf1009d73d5f8",
                "firstSeenAt": "2026-06-30T15:01:32+00:00"
            }
        },
        "symfony/polyfill-php84": {
            "v1.38.1": {
                "sha256": "a7ffa7695afe395a6a4810b3e79cd6473afb17839ced62e01f9a3ee257242b8f",
                "sourceReference": "f4e1dfaee5b74aba5964fe1fd4dfc7ba5e3085fa",
                "sourceUrl": "https://github.com/symfony/polyfill-php84.git",
                "distUrl": "https://api.github.com/repos/symfony/polyfill-php84/zipball/f4e1dfaee5b74aba5964fe1fd4dfc7ba5e3085fa",
                "firstSeenAt": "2026-06-30T15:01:30+00:00"
            }
        },
        "symfony/polyfill-php85": {
            "v1.38.1": {
                "sha256": "830fc1ff61ef07bbd40a80597df4c547f5db44cc6cb97a81abc497d3ce33d66c",
                "sourceReference": "ba2ba04f3352cfa2dcbbcb90aee13ed967f505b1",
                "sourceUrl": "https://github.com/symfony/polyfill-php85.git",
                "distUrl": "https://api.github.com/repos/symfony/polyfill-php85/zipball/ba2ba04f3352cfa2dcbbcb90aee13ed967f505b1",
                "firstSeenAt": "2026-06-30T15:01:28+00:00"
            }
        },
        "symfony/polyfill-php86": {
            "v1.38.0": {
                "sha256": "87b8af1903ab80dc4db4c575fc19f032821f9eed7e0e7436082966c10132a366",
                "sourceReference": "fcec68d64f46dc84e1f6ffcf2c6dda40ff3143ad",
                "sourceUrl": "https://github.com/symfony/polyfill-php86.git",
                "distUrl": "https://api.github.com/repos/symfony/polyfill-php86/zipball/fcec68d64f46dc84e1f6ffcf2c6dda40ff3143ad",
                "firstSeenAt": "2026-06-30T15:01:30+00:00"
            }
        },
        "symfony/process": {
            "v8.1.0": {
                "sha256": "58227ec9f4a3f7663106c7eda9f647d5de5c3fb7fb01ab6da8c6b063ba0b09c3",
                "sourceReference": "c4a9e58f235a6bf7f97ffbfedae2687353ac79e5",
                "sourceUrl": "https://github.com/symfony/process.git",
                "distUrl": "https://api.github.com/repos/symfony/process/zipball/c4a9e58f235a6bf7f97ffbfedae2687353ac79e5",
                "firstSeenAt": "2026-06-30T15:01:28+00:00"
            }
        },
        "symfony/routing": {
            "v8.1.0": {
                "sha256": "0b39345c83cc4316c5047603025da0afd98b98bc4959518e09e4a1cb22e8f514",
                "sourceReference": "fe0bfec72c8a806109fb9c3a5f2b898fe0c76eb3",
                "sourceUrl": "https://github.com/symfony/routing.git",
                "distUrl": "https://api.github.com/repos/symfony/routing/zipball/fe0bfec72c8a806109fb9c3a5f2b898fe0c76eb3",
                "firstSeenAt": "2026-06-30T15:01:30+00:00"
            }
        },
        "symfony/service-contracts": {
            "v3.7.0": {
                "sha256": "8a47808f83089515a4a528100ec1d38ea9dd3af7e7305f1f2fe847bd0ab0f407",
                "sourceReference": "d25d82433a80eba6aa0e6c24b61d7370d99e444a",
                "sourceUrl": "https://github.com/symfony/service-contracts.git",
                "distUrl": "https://api.github.com/repos/symfony/service-contracts/zipball/d25d82433a80eba6aa0e6c24b61d7370d99e444a",
                "firstSeenAt": "2026-06-30T15:01:28+00:00"
            }
        },
        "symfony/string": {
            "v8.1.0": {
                "sha256": "22c1ad1c1b13e418b0aca32f6ed53130ba2e1cc7409b39b34b471df538b940f8",
                "sourceReference": "afd5944f4005862d961efb85c8bbd5c523c4e3c9",
                "sourceUrl": "https://github.com/symfony/string.git",
                "distUrl": "https://api.github.com/repos/symfony/string/zipball/afd5944f4005862d961efb85c8bbd5c523c4e3c9",
                "firstSeenAt": "2026-06-30T15:01:28+00:00"
            }
        },
        "symfony/translation": {
            "v8.1.0": {
                "sha256": "ac51f3ca4a144e5698bccba57fac393efe5d9f66bb1c2d2d9fa6ef9c3a39ab23",
                "sourceReference": "b2bd012ca28c4acae830ee1206a5b6e35dd99693",
                "sourceUrl": "https://github.com/symfony/translation.git",
                "distUrl": "https://api.github.com/repos/symfony/translation/zipball/b2bd012ca28c4acae830ee1206a5b6e35dd99693",
                "firstSeenAt": "2026-06-30T15:01:31+00:00"
            }
        },
        "symfony/translation-contracts": {
            "v3.7.0": {
                "sha256": "a0aa6e02777c3edbe40fe68f4c72183f1d36597e2e527d7a090eb08b95dedd73",
                "sourceReference": "0ab302977a952b42fd51475c4ebac81f8da0a95d",
                "sourceUrl": "https://github.com/symfony/translation-contracts.git",
                "distUrl": "https://api.github.com/repos/symfony/translation-contracts/zipball/0ab302977a952b42fd51475c4ebac81f8da0a95d",
                "firstSeenAt": "2026-06-30T15:01:31+00:00"
            }
        },
        "symfony/uid": {
            "v8.1.0": {
                "sha256": "9e68a48dac7cebffc249307710282f88c1b85851859a1b6213273f1ec7535592",
                "sourceReference": "7393f157a55f7e70a4de0334435c55a5a8fe749a",
                "sourceUrl": "https://github.com/symfony/uid.git",
                "distUrl": "https://api.github.com/repos/symfony/uid/zipball/7393f157a55f7e70a4de0334435c55a5a8fe749a",
                "firstSeenAt": "2026-06-30T15:01:30+00:00"
            }
        },
        "symfony/var-dumper": {
            "v8.1.0": {
                "sha256": "7c5c9496af5361e18d399a86bb47ecb706604f70ec40a57eb51dc28f43a48edc",
                "sourceReference": "c2c4df1d21477cc21c9f6dc1b14d07c3abc4963e",
                "sourceUrl": "https://github.com/symfony/var-dumper.git",
                "distUrl": "https://api.github.com/repos/symfony/var-dumper/zipball/c2c4df1d21477cc21c9f6dc1b14d07c3abc4963e",
                "firstSeenAt": "2026-06-30T15:01:30+00:00"
            }
        },
        "symfony/yaml": {
            "v8.1.0": {
                "sha256": "210154997eed9b1fed84f0981e8f44b269672334e9e9c2b736794e9da097d3dd",
                "sourceReference": "efb42bd2c6f4f3ccfd4683583449938b5fc146b0",
                "sourceUrl": "https://github.com/symfony/yaml.git",
                "distUrl": "https://api.github.com/repos/symfony/yaml/zipball/efb42bd2c6f4f3ccfd4683583449938b5fc146b0",
                "firstSeenAt": "2026-06-30T15:01:32+00:00"
            }
        },
        "voku/portable-ascii": {
            "2.1.1": {
                "sha256": "a6902aa7b789eb440a9374fc6e65da15c6cdd00064aeba8f389ef3e5e0e42799",
                "sourceReference": "8e1051fe39379367aecf014f41744ce7539a856f",
                "sourceUrl": "https://github.com/voku/portable-ascii.git",
                "distUrl": "https://api.github.com/repos/voku/portable-ascii/zipball/8e1051fe39379367aecf014f41744ce7539a856f",
                "firstSeenAt": "2026-06-30T15:01:30+00:00"
            }
        },
        "webmozart/assert": {
            "2.4.1": {
                "sha256": "5bb34f22839b658e60e80e32f7dffb3ae06b1eb8574b985386d4e504883dbbb4",
                "sourceReference": "2ccb7c2e821038c03a3e6e1700c570c158c55f70",
                "sourceUrl": "https://github.com/webmozarts/assert.git",
                "distUrl": "https://api.github.com/repos/webmozarts/assert/zipball/2ccb7c2e821038c03a3e6e1700c570c158c55f70",
                "firstSeenAt": "2026-06-30T15:01:29+00:00"
            }
        }
    }
}
